
Microsoft Visual Studio Solution File, Format Version 12.00
# Visual Studio Version 17
VisualStudioVersion = 17.5.002.0
MinimumVisualStudioVersion = 10.0.40219.1
Project("{9A19103F-16F7-4668-BE54-9A1E7A4F7556}") = "LargestArraySubSumTest", "LargestArraySubSum.Test\LargestArraySubSumTest.csproj", "{457E9E29-6725-4F05-91DE-7DAEDF234DF6}"
EndProject
Project("{9A19103F-16F7-4668-BE54-9A1E7A4F7556}") = "LargestArraySubSum", "LargestArraySubSum\LargestArraySubSum.csproj", "{D4122407-8A67-4DB8-BB6C-1ABC727F69BC}"
EndProject
Global
	GlobalSection(SolutionConfigurationPlatforms) = preSolution
		Debug|Any CPU = Debug|Any CPU
		Release|Any CPU = Release|Any CPU
	EndGlobalSection
	GlobalSection(ProjectConfigurationPlatforms) = postSolution
		{457E9E29-6725-4F05-91DE-7DAEDF234DF6}.Debug|Any CPU.ActiveCfg = Debug|Any CPU
		{457E9E29-6725-4F05-91DE-7DAEDF234DF6}.Debug|Any CPU.Build.0 = Debug|Any CPU
		{457E9E29-6725-4F05-91DE-7DAEDF234DF6}.Release|Any CPU.ActiveCfg = Release|Any CPU
		{457E9E29-6725-4F05-91DE-7DAEDF234DF6}.Release|Any CPU.Build.0 = Release|Any CPU
		{D4122407-8A67-4DB8-BB6C-1ABC727F69BC}.Debug|Any CPU.ActiveCfg = Debug|Any CPU
		{D4122407-8A67-4DB8-BB6C-1ABC727F69BC}.Debug|Any CPU.Build.0 = Debug|Any CPU
		{D4122407-8A67-4DB8-BB6C-1ABC727F69BC}.Release|Any CPU.ActiveCfg = Release|Any CPU
		{D4122407-8A67-4DB8-BB6C-1ABC727F69BC}.Release|Any CPU.Build.0 = Release|Any CPU
	EndGlobalSection
	GlobalSection(SolutionProperties) = preSolution
		HideSolutionNode = FALSE
	EndGlobalSection
	GlobalSection(ExtensibilityGlobals) = postSolution
		SolutionGuid = {56F9DC5E-3586-4BC6-9361-F104185D85F4}
	EndGlobalSection
EndGlobal
