
Microsoft Visual Studio Solution File, Format Version 12.00
# Visual Studio Version 17
VisualStudioVersion = 17.1.32210.238
MinimumVisualStudioVersion = 10.0.40219.1
Project("{FAE04EC0-301F-11D3-BF4B-00C04F79EFBC}") = "XUnitLib", "XUnitLib\XUnitLib.csproj", "{BD1BDC0A-4442-4FF0-8A99-98DD897F1B2B}"
EndProject
Project("{FAE04EC0-301F-11D3-BF4B-00C04F79EFBC}") = "XUnitLib.Test", "XUnitLib.Test\XUnitLib.Test.csproj", "{34290BB8-F797-44AF-8F3E-8CEF5DE1D52F}"
EndProject
Global
	GlobalSection(SolutionConfigurationPlatforms) = preSolution
		Debug|Any CPU = Debug|Any CPU
		Release|Any CPU = Release|Any CPU
	EndGlobalSection
	GlobalSection(ProjectConfigurationPlatforms) = postSolution
		{BD1BDC0A-4442-4FF0-8A99-98DD897F1B2B}.Debug|Any CPU.ActiveCfg = Debug|Any CPU
		{BD1BDC0A-4442-4FF0-8A99-98DD897F1B2B}.Debug|Any CPU.Build.0 = Debug|Any CPU
		{BD1BDC0A-4442-4FF0-8A99-98DD897F1B2B}.Release|Any CPU.ActiveCfg = Release|Any CPU
		{BD1BDC0A-4442-4FF0-8A99-98DD897F1B2B}.Release|Any CPU.Build.0 = Release|Any CPU
		{34290BB8-F797-44AF-8F3E-8CEF5DE1D52F}.Debug|Any CPU.ActiveCfg = Debug|Any CPU
		{34290BB8-F797-44AF-8F3E-8CEF5DE1D52F}.Debug|Any CPU.Build.0 = Debug|Any CPU
		{34290BB8-F797-44AF-8F3E-8CEF5DE1D52F}.Release|Any CPU.ActiveCfg = Release|Any CPU
		{34290BB8-F797-44AF-8F3E-8CEF5DE1D52F}.Release|Any CPU.Build.0 = Release|Any CPU
	EndGlobalSection
	GlobalSection(SolutionProperties) = preSolution
		HideSolutionNode = FALSE
	EndGlobalSection
	GlobalSection(ExtensibilityGlobals) = postSolution
		SolutionGuid = {BA0CA202-4390-48DD-9487-91518D3896D8}
	EndGlobalSection
EndGlobal
